
Microsoft Visual Studio Solution File, Format Version 12.00
# Visual Studio 15
VisualStudioVersion = 15.0.27130.2020
MinimumVisualStudioVersion = 10.0.40219.1
Project("{FAE04EC0-301F-11D3-BF4B-00C04F79EFBC}") = "SMS_server", "SMS_server\SMS_server.csproj", "{A7225CC2-7153-4DE2-AEFB-F6B057E945BB}"
EndProject
Global
	GlobalSection(SolutionConfigurationPlatforms) = preSolution
		Debug|Any CPU = Debug|Any CPU
		Release|Any CPU = Release|Any CPU
	EndGlobalSection
	GlobalSection(ProjectConfigurationPlatforms) = postSolution
		{A7225CC2-7153-4DE2-AEFB-F6B057E945BB}.Debug|Any CPU.ActiveCfg = Debug|Any CPU
		{A7225CC2-7153-4DE2-AEFB-F6B057E945BB}.Debug|Any CPU.Build.0 = Debug|Any CPU
		{A7225CC2-7153-4DE2-AEFB-F6B057E945BB}.Release|Any CPU.ActiveCfg = Release|Any CPU
		{A7225CC2-7153-4DE2-AEFB-F6B057E945BB}.Release|Any CPU.Build.0 = Release|Any CPU
	EndGlobalSection
	GlobalSection(SolutionProperties) = preSolution
		HideSolutionNode = FALSE
	EndGlobalSection
	GlobalSection(ExtensibilityGlobals) = postSolution
		SolutionGuid = {294A90CC-C737-4BF5-9A7B-B825CA5B1DBF}
	EndGlobalSection
EndGlobal
