
Microsoft Visual Studio Solution File, Format Version 12.00
# Visual Studio 15
VisualStudioVersion = 15.0.28307.572
MinimumVisualStudioVersion = 10.0.40219.1
Project("{FAE04EC0-301F-11D3-BF4B-00C04F79EFBC}") = "SMS_server", "SMS_server\SMS_server.csproj", "{B619DCEE-780A-43F7-87D1-16B23811537F}"
EndProject
Global
	GlobalSection(SolutionConfigurationPlatforms) = preSolution
		Debug|Any CPU = Debug|Any CPU
		Release|Any CPU = Release|Any CPU
	EndGlobalSection
	GlobalSection(ProjectConfigurationPlatforms) = postSolution
		{B619DCEE-780A-43F7-87D1-16B23811537F}.Debug|Any CPU.ActiveCfg = Debug|Any CPU
		{B619DCEE-780A-43F7-87D1-16B23811537F}.Debug|Any CPU.Build.0 = Debug|Any CPU
		{B619DCEE-780A-43F7-87D1-16B23811537F}.Release|Any CPU.ActiveCfg = Release|Any CPU
		{B619DCEE-780A-43F7-87D1-16B23811537F}.Release|Any CPU.Build.0 = Release|Any CPU
	EndGlobalSection
	GlobalSection(SolutionProperties) = preSolution
		HideSolutionNode = FALSE
	EndGlobalSection
	GlobalSection(ExtensibilityGlobals) = postSolution
		SolutionGuid = {F3076062-A1BA-4F43-B14D-E93770FBF761}
	EndGlobalSection
EndGlobal
