
Microsoft Visual Studio Solution File, Format Version 12.00
# Visual Studio 15
VisualStudioVersion = 15.0.27130.2020
MinimumVisualStudioVersion = 10.0.40219.1
Project("{FAE04EC0-301F-11D3-BF4B-00C04F79EFBC}") = "SMS_srv_editor", "SMS_srv_editor\SMS_srv_editor.csproj", "{F4B34E30-32D7-4835-8355-894046E4B6C0}"
EndProject
Global
	GlobalSection(SolutionConfigurationPlatforms) = preSolution
		Debug|Any CPU = Debug|Any CPU
		Release|Any CPU = Release|Any CPU
	EndGlobalSection
	GlobalSection(ProjectConfigurationPlatforms) = postSolution
		{F4B34E30-32D7-4835-8355-894046E4B6C0}.Debug|Any CPU.ActiveCfg = Debug|Any CPU
		{F4B34E30-32D7-4835-8355-894046E4B6C0}.Debug|Any CPU.Build.0 = Debug|Any CPU
		{F4B34E30-32D7-4835-8355-894046E4B6C0}.Release|Any CPU.ActiveCfg = Release|Any CPU
		{F4B34E30-32D7-4835-8355-894046E4B6C0}.Release|Any CPU.Build.0 = Release|Any CPU
	EndGlobalSection
	GlobalSection(SolutionProperties) = preSolution
		HideSolutionNode = FALSE
	EndGlobalSection
	GlobalSection(ExtensibilityGlobals) = postSolution
		SolutionGuid = {FD027582-29C6-4524-89E2-7EE39751305F}
	EndGlobalSection
EndGlobal
